
Microsoft Visual Studio Solution File, Format Version 12.00
# Visual Studio Version 17
VisualStudioVersion = 17.7.34202.233
MinimumVisualStudioVersion = 10.0.40219.1
Project("{FAE04EC0-301F-11D3-BF4B-00C04F79EFBC}") = "Web_Front-end_Valiny", "Web_Front-end_Valiny\Web_Front-end_Valiny.csproj", "{ACA78982-55FB-4E59-AC30-05BD8BD77974}"
EndProject
Global
	GlobalSection(SolutionConfigurationPlatforms) = preSolution
		Debug|Any CPU = Debug|Any CPU
		Release|Any CPU = Release|Any CPU
	EndGlobalSection
	GlobalSection(ProjectConfigurationPlatforms) = postSolution
		{ACA78982-55FB-4E59-AC30-05BD8BD77974}.Debug|Any CPU.ActiveCfg = Debug|Any CPU
		{ACA78982-55FB-4E59-AC30-05BD8BD77974}.Debug|Any CPU.Build.0 = Debug|Any CPU
		{ACA78982-55FB-4E59-AC30-05BD8BD77974}.Release|Any CPU.ActiveCfg = Release|Any CPU
		{ACA78982-55FB-4E59-AC30-05BD8BD77974}.Release|Any CPU.Build.0 = Release|Any CPU
	EndGlobalSection
	GlobalSection(SolutionProperties) = preSolution
		HideSolutionNode = FALSE
	EndGlobalSection
	GlobalSection(ExtensibilityGlobals) = postSolution
		SolutionGuid = {742878B8-4FDE-446D-A3E8-DEDDE935DFFA}
	EndGlobalSection
EndGlobal
